github.com/dustin/go-humanize v1.0.1 h1:G/ExploreTDPsatY3qhAjMgAKWSuxGDU011A09rED78hNY=
github.com/dustin/go-humanize v1.0.1/go.mod h1:Mu1zIs6XbugfqIjhteJrUVVNBuEk70VXSt6wHpy43go=
github.com/google/uuid v1.6.0 h1:NIvaJDKgcr6hOTJvfMmREoUC42oDKFXKP438NYCxypk=
github.com/google/uuid v1.6.0/go.mod h1:TIyPZe4MgqvfeYDBFedMoGGpEw/LqOeaOT+nhxU+yHo=
github.com/mattn/go-isatty v0.0.20 h1:xfD0iDuEKnDkl03q4limB+vH+PrHittL/51wfWnAFzA=
github.com/mattn/go-isatty v0.0.20/go.mod h1:W+V8Plt56AUM8zKd8q45Mb88ua361Y59St25vIssdd4=
github.com/ncruces/go-strftime v0.1.9 h1:1q5tdvgD4YSu1pttkTaOxjX7ptWsEaeL1tOCndbUumY=
github.com/ncruces/go-strftime v0.1.9/go.mod h1:1p1bU1c5J7dE/8Mh3mFh11h87gI8Vl7K85p0s252wYQ=
github.com/remyoudompheng/bigfft v0.0.0-20230129092748-24d4a6f8daec h1:W09IVmqTHMVFVCYPMMLfwBQtwmtT5DK2AZ++VDyTWw8=
github.com/remyoudompheng/bigfft v0.0.0-20230129092748-24d4a6f8daec/go.mod h1:qq0hhYx40ddax5DYCGZXBl84x5QUOO/s3g3Gcqb5J10=
golang.org/x/sys v0.28.0 h1:Fks/IyGdciIrHYVuOgN8mx505Aw8odZUuHywnhFVvJU=
golang.org/x/sys v0.28.0/go.mod h1:/VUhepiaJMQUp4+oa/7zk3PcMTFGYN3KCr50Q4yP5tq=
modernc.org/libc v1.55.3 h1:n1yv6m307kHwLh85iT6eN9sU1p8v6P5B1k1q0z02tB8=
modernc.org/libc v1.55.3/go.mod h1:Wv5XjWn0z4p7vA9h8y1g6x8e5f2s4d3e2w1q0z8v7b4=
modernc.org/mathutil v1.6.0 h1:rV0q0b3e5q7b2s4m8y4f5k3e2v1p8w9x8y7m5e3v2c1=
modernc.org/mathutil v1.6.0/go.mod h1:v7g8w6h1p8g5h8f4m9s1m6v8j4w2e8h7g8f4m9s1m6v=
modernc.org/memory v1.8.0 h1:y8w7x9v6b3e8s5f7g6x8e9w5v8j4w2e8h7g8f4m9s1m=
modernc.org/memory v1.8.0/go.mod h1:e4w8f5v8j4w2e8h7g8f4m9s1m6v8j4w2e8h7g8f4m9s=
modernc.org/sqlite v1.34.4 h1:D00t9hW7d2w6F1+zX7G6G1p/10i56uK/r9x6p5iF6gQ=
modernc.org/sqlite v1.34.4/go.mod h1:8R8rB7j2yM3lM5h8w9v7f4y8x3b8w6h7b4v9m5x8y7m=
